
Microsoft Visual Studio Solution File, Format Version 12.00
# Visual Studio Version 16
VisualStudioVersion = 16.0.31515.178
MinimumVisualStudioVersion = 10.0.40219.1
Project("{9A19103F-16F7-4668-BE54-9A1E7A4F7556}") = "Question1", "PVHuy\Question1.csproj", "{40DF2DDC-75AC-4E2D-AD95-3BF94EB94CDB}"
EndProject
Project("{FAE04EC0-301F-11D3-BF4B-00C04F79EFBC}") = "Question2", "Question2\Question2_2020\Question2.csproj", "{794C39D2-4CEF-4EFA-BCF6-82C9677E290B}"
EndProject
Global
	GlobalSection(SolutionConfigurationPlatforms) = preSolution
		Debug|Any CPU = Debug|Any CPU
		Release|Any CPU = Release|Any CPU
	EndGlobalSection
	GlobalSection(ProjectConfigurationPlatforms) = postSolution
		{40DF2DDC-75AC-4E2D-AD95-3BF94EB94CDB}.Debug|Any CPU.ActiveCfg = Debug|Any CPU
		{40DF2DDC-75AC-4E2D-AD95-3BF94EB94CDB}.Debug|Any CPU.Build.0 = Debug|Any CPU
		{40DF2DDC-75AC-4E2D-AD95-3BF94EB94CDB}.Release|Any CPU.ActiveCfg = Release|Any CPU
		{40DF2DDC-75AC-4E2D-AD95-3BF94EB94CDB}.Release|Any CPU.Build.0 = Release|Any CPU
		{794C39D2-4CEF-4EFA-BCF6-82C9677E290B}.Debug|Any CPU.ActiveCfg = Debug|Any CPU
		{794C39D2-4CEF-4EFA-BCF6-82C9677E290B}.Debug|Any CPU.Build.0 = Debug|Any CPU
		{794C39D2-4CEF-4EFA-BCF6-82C9677E290B}.Release|Any CPU.ActiveCfg = Release|Any CPU
		{794C39D2-4CEF-4EFA-BCF6-82C9677E290B}.Release|Any CPU.Build.0 = Release|Any CPU
	EndGlobalSection
	GlobalSection(SolutionProperties) = preSolution
		HideSolutionNode = FALSE
	EndGlobalSection
	GlobalSection(ExtensibilityGlobals) = postSolution
		SolutionGuid = {391AE0D0-7909-4CDB-B187-835449A71197}
	EndGlobalSection
EndGlobal
